// !$*UTF8*$!
{
	archiveVersion = 1;
	classes = {
	};
	objectVersion = 77;
	objects = {

/* Begin PBXBuildFile section */
		01EE373E2E20AD980036E575 /* Lottie in Frameworks */ = {isa = PBXBuildFile; productRef = 01EE373D2E20AD980036E575 /* Lottie */; settings = {ATTRIBUTES = (Required, ); }; };
		01EE37532E20E2100036E575 /* FirebaseAI in Frameworks */ = {isa = PBXBuildFile; productRef = 01EE37522E20E2100036E575 /* FirebaseAI */; };
		01EE37552E20E2100036E575 /* FirebaseAnalytics in Frameworks */ = {isa = PBXBuildFile; productRef = 01EE37542E20E2100036E575 /* FirebaseAnalytics */; };
		01EE37572E20E2100036E575 /* FirebaseAnalyticsCore in Frameworks */ = {isa = PBXBuildFile; productRef = 01EE37562E20E2100036E575 /* FirebaseAnalyticsCore */; };
		01EE377E2E20F1130036E575 /* GoogleMobileAds in Frameworks */ = {isa = PBXBuildFile; productRef = 01EE377D2E20F1130036E575 /* GoogleMobileAds */; };
		AFB831E7EC63952DE311B142 /* Pods_Dep.framework in Frameworks */ = {isa = PBXBuildFile; fileRef = 421DD4FB35A5CAB27FC2EBCF /* Pods_Dep.framework */; };
/* End PBXBuildFile section */

/* Begin PBXCopyFilesBuildPhase section */
		010F8A4E2E1FAEFF000B6D8D /* Embed Frameworks */ = {
			isa = PBXCopyFilesBuildPhase;
			buildActionMask = 2147483647;
			dstPath = "";
			dstSubfolderSpec = 10;
			files = (
			);
			name = "Embed Frameworks";
			runOnlyForDeploymentPostprocessing = 0;
		};
/* End PBXCopyFilesBuildPhase section */

/* Begin PBXFileReference section */
		010F8A3A2E1F6E94000B6D8D /* Dep.app */ = {isa = PBXFileReference; explicitFileType = wrapper.application; includeInIndex = 0; name = Dep.app; path = "/Users/tatsuki/Projects/Dep project/build/Debug-iphoneos/Dep.app"; sourceTree = "<absolute>"; };
		3A1B9849E3249DDC58349C87 /* Pods-Dep.release.xcconfig */ = {isa = PBXFileReference; includeInIndex = 1; lastKnownFileType = text.xcconfig; name = "Pods-Dep.release.xcconfig"; path = "Target Support Files/Pods-Dep/Pods-Dep.release.xcconfig"; sourceTree = "<group>"; };
		421DD4FB35A5CAB27FC2EBCF /* Pods_Dep.framework */ = {isa = PBXFileReference; explicitFileType = wrapper.framework; includeInIndex = 0; path = Pods_Dep.framework; sourceTree = BUILT_PRODUCTS_DIR; };
		A7FF23838547B0B8F9DCDD77 /* Pods-Dep.debug.xcconfig */ = {isa = PBXFileReference; includeInIndex = 1; lastKnownFileType = text.xcconfig; name = "Pods-Dep.debug.xcconfig"; path = "Target Support Files/Pods-Dep/Pods-Dep.debug.xcconfig"; sourceTree = "<group>"; };
/* End PBXFileReference section */

/* Begin PBXFileSystemSynchronizedBuildFileExceptionSet section */
		01EE37912E20F5500036E575 /* Exceptions for "Dep" folder in "Dep" target */ = {
			isa = PBXFileSystemSynchronizedBuildFileExceptionSet;
			membershipExceptions = (
				Info.plist,
			);
			target = 010F8A392E1F6E94000B6D8D /* Dep */;
		};
/* End PBXFileSystemSynchronizedBuildFileExceptionSet section */

/* Begin PBXFileSystemSynchronizedRootGroup section */
		010F8A3C2E1F6E94000B6D8D /* Dep */ = {
			isa = PBXFileSystemSynchronizedRootGroup;
			exceptions = (
				01EE37912E20F5500036E575 /* Exceptions for "Dep" folder in "Dep" target */,
			);
			path = Dep;
			sourceTree = "<group>";
		};
/* End PBXFileSystemSynchronizedRootGroup section */

/* Begin PBXFrameworksBuildPhase section */
		010F8A372E1F6E94000B6D8D /* Frameworks */ = {
			isa = PBXFrameworksBuildPhase;
			buildActionMask = 2147483647;
			files = (
				01EE373E2E20AD980036E575 /* Lottie in Frameworks */,
				01EE37532E20E2100036E575 /* FirebaseAI in Frameworks */,
				01EE377E2E20F1130036E575 /* GoogleMobileAds in Frameworks */,
				01EE37552E20E2100036E575 /* FirebaseAnalytics in Frameworks */,
				01EE37572E20E2100036E575 /* FirebaseAnalyticsCore in Frameworks */,
				AFB831E7EC63952DE311B142 /* Pods_Dep.framework in Frameworks */,
			);
			runOnlyForDeploymentPostprocessing = 0;
		};
/* End PBXFrameworksBuildPhase section */

/* Begin PBXGroup section */
		010F8A312E1F6E94000B6D8D = {
			isa = PBXGroup;
			children = (
				010F8A3C2E1F6E94000B6D8D /* Dep */,
				010F8A3B2E1F6E94000B6D8D /* Products */,
				496015503D21C0D316ADBF20 /* Pods */,
				E5B796BB7D629B46617B8971 /* Frameworks */,
			);
			sourceTree = "<group>";
		};
		010F8A3B2E1F6E94000B6D8D /* Products */ = {
			isa = PBXGroup;
			children = (
			);
			name = Products;
			sourceTree = "<group>";
		};
		496015503D21C0D316ADBF20 /* Pods */ = {
			isa = PBXGroup;
			children = (
				A7FF23838547B0B8F9DCDD77 /* Pods-Dep.debug.xcconfig */,
				3A1B9849E3249DDC58349C87 /* Pods-Dep.release.xcconfig */,
			);
			path = Pods;
			sourceTree = "<group>";
		};
		E5B796BB7D629B46617B8971 /* Frameworks */ = {
			isa = PBXGroup;
			children = (
				421DD4FB35A5CAB27FC2EBCF /* Pods_Dep.framework */,
			);
			name = Frameworks;
			sourceTree = "<group>";
		};
/* End PBXGroup section */

/* Begin PBXNativeTarget section */
		010F8A392E1F6E94000B6D8D /* Dep */ = {
			isa = PBXNativeTarget;
			buildConfigurationList = 010F8A452E1F6E94000B6D8D /* Build configuration list for PBXNativeTarget "Dep" */;
			buildPhases = (
				3A5950AE6ACA111B965304CB /* [CP] Check Pods Manifest.lock */,
				010F8A362E1F6E94000B6D8D /* Sources */,
				010F8A372E1F6E94000B6D8D /* Frameworks */,
				010F8A382E1F6E94000B6D8D /* Resources */,
				010F8A4E2E1FAEFF000B6D8D /* Embed Frameworks */,
				61D50C802F9C9AC465DD1461 /* [CP] Copy Pods Resources */,
			);
			buildRules = (
			);
			dependencies = (
			);
			fileSystemSynchronizedGroups = (
				010F8A3C2E1F6E94000B6D8D /* Dep */,
			);
			name = Dep;
			packageProductDependencies = (
				01EE373D2E20AD980036E575 /* Lottie */,
				01EE37522E20E2100036E575 /* FirebaseAI */,
				01EE37542E20E2100036E575 /* FirebaseAnalytics */,
				01EE37562E20E2100036E575 /* FirebaseAnalyticsCore */,
				01EE37582E20E2100036E575 /* FirebaseAnalyticsIdentitySupport */,
				01EE375A2E20E2100036E575 /* FirebaseAnalyticsOnDeviceConversion */,
				01EE377D2E20F1130036E575 /* GoogleMobileAds */,
			);
			productName = Dep;
			productReference = 010F8A3A2E1F6E94000B6D8D /* Dep.app */;
			productType = "com.apple.product-type.application";
		};
/* End PBXNativeTarget section */

/* Begin PBXProject section */
		010F8A322E1F6E94000B6D8D /* Project object */ = {
			isa = PBXProject;
			attributes = {
				BuildIndependentTargetsInParallel = 1;
				LastSwiftUpdateCheck = 1640;
				LastUpgradeCheck = 1640;
				TargetAttributes = {
					010F8A392E1F6E94000B6D8D = {
						CreatedOnToolsVersion = 16.4;
					};
				};
			};
			buildConfigurationList = 010F8A352E1F6E94000B6D8D /* Build configuration list for PBXProject "Dep" */;
			developmentRegion = en;
			hasScannedForEncodings = 0;
			knownRegions = (
				en,
				Base,
			);
			mainGroup = 010F8A312E1F6E94000B6D8D;
			minimizedProjectReferenceProxies = 1;
			packageReferences = (
				01EE373C2E20AD980036E575 /* XCRemoteSwiftPackageReference "lottie-ios" */,
				01EE37512E20E2100036E575 /* XCRemoteSwiftPackageReference "firebase-ios-sdk" */,
				01EE377C2E20F1130036E575 /* XCRemoteSwiftPackageReference "swift-package-manager-google-mobile-ads" */,
			);
			preferredProjectObjectVersion = 77;
			productRefGroup = 010F8A3B2E1F6E94000B6D8D /* Products */;
			projectDirPath = "";
			projectRoot = "";
			targets = (
				010F8A392E1F6E94000B6D8D /* Dep */,
			);
		};
/* End PBXProject section */

/* Begin PBXResourcesBuildPhase section */
		010F8A382E1F6E94000B6D8D /* Resources */ = {
			isa = PBXResourcesBuildPhase;
			buildActionMask = 2147483647;
			files = (
			);
			runOnlyForDeploymentPostprocessing = 0;
		};
/* End PBXResourcesBuildPhase section */

/* Begin PBXShellScriptBuildPhase section */
		3A5950AE6ACA111B965304CB /* [CP] Check Pods Manifest.lock */ = {
			isa = PBXShellScriptBuildPhase;
			buildActionMask = 2147483647;
			files = (
			);
			inputFileListPaths = (
			);
			inputPaths = (
				"${PODS_PODFILE_DIR_PATH}/Podfile.lock",
				"${PODS_ROOT}/Manifest.lock",
			);
			name = "[CP] Check Pods Manifest.lock";
			outputFileListPaths = (
			);
			outputPaths = (
				"$(DERIVED_FILE_DIR)/Pods-Dep-checkManifestLockResult.txt",
			);
			runOnlyForDeploymentPostprocessing = 0;
			shellPath = /bin/sh;
			shellScript = "diff \"${PODS_PODFILE_DIR_PATH}/Podfile.lock\" \"${PODS_ROOT}/Manifest.lock\" > /dev/null\nif [ $? != 0 ] ; then\n    # print error to STDERR\n    echo \"error: The sandbox is not in sync with the Podfile.lock. Run 'pod install' or update your CocoaPods installation.\" >&2\n    exit 1\nfi\n# This output is used by Xcode 'outputs' to avoid re-running this script phase.\necho \"SUCCESS\" > \"${SCRIPT_OUTPUT_FILE_0}\"\n";
			showEnvVarsInLog = 0;
		};
		61D50C802F9C9AC465DD1461 /* [CP] Copy Pods Resources */ = {
			isa = PBXShellScriptBuildPhase;
			buildActionMask = 2147483647;
			files = (
			);
			inputFileListPaths = (
				"${PODS_ROOT}/Target Support Files/Pods-Dep/Pods-Dep-resources-${CONFIGURATION}-input-files.xcfilelist",
			);
			inputPaths = (
			);
			name = "[CP] Copy Pods Resources";
			outputFileListPaths = (
				"${PODS_ROOT}/Target Support Files/Pods-Dep/Pods-Dep-resources-${CONFIGURATION}-output-files.xcfilelist",
			);
			outputPaths = (
			);
			runOnlyForDeploymentPostprocessing = 0;
			shellPath = /bin/sh;
			shellScript = "\"${PODS_ROOT}/Target Support Files/Pods-Dep/Pods-Dep-resources.sh\"\n";
			showEnvVarsInLog = 0;
		};
/* End PBXShellScriptBuildPhase section */

/* Begin PBXSourcesBuildPhase section */
		010F8A362E1F6E94000B6D8D /* Sources */ = {
			isa = PBXSourcesBuildPhase;
			buildActionMask = 2147483647;
			files = (
			);
			runOnlyForDeploymentPostprocessing = 0;
		};
/* End PBXSourcesBuildPhase section */

/* Begin XCBuildConfiguration section */
		010F8A432E1F6E94000B6D8D /* Debug */ = {
			isa = XCBuildConfiguration;
			buildSettings = {
				ALWAYS_SEARCH_USER_PATHS = NO;
				ASSETCATALOG_COMPILER_GENERATE_SWIFT_ASSET_SYMBOL_EXTENSIONS = YES;
				CLANG_ANALYZER_NONNULL = YES;
				CLANG_ANALYZER_NUMBER_OBJECT_CONVERSION = YES_AGGRESSIVE;
				CLANG_CXX_LANGUAGE_STANDARD = "gnu++20";
				CLANG_ENABLE_MODULES = YES;
				CLANG_ENABLE_OBJC_ARC = YES;
				CLANG_ENABLE_OBJC_WEAK = YES;
				CLANG_WARN_BLOCK_CAPTURE_AUTORELEASING = YES;
				CLANG_WARN_BOOL_CONVERSION = YES;
				CLANG_WARN_COMMA = YES;
				CLANG_WARN_CONSTANT_CONVERSION = YES;
				CLANG_WARN_DEPRECATED_OBJC_IMPLEMENTATIONS = YES;
				CLANG_WARN_DIRECT_OBJC_ISA_USAGE = YES_ERROR;
				CLANG_WARN_DOCUMENTATION_COMMENTS = YES;
				CLANG_WARN_EMPTY_BODY = YES;
				CLANG_WARN_ENUM_CONVERSION = YES;
				CLANG_WARN_INFINITE_RECURSION = YES;
				CLANG_WARN_INT_CONVERSION = YES;
				CLANG_WARN_NON_LITERAL_NULL_CONVERSION = YES;
				CLANG_WARN_OBJC_IMPLICIT_RETAIN_SELF = YES;
				CLANG_WARN_OBJC_LITERAL_CONVERSION = YES;
				CLANG_WARN_OBJC_ROOT_CLASS = YES_ERROR;
				CLANG_WARN_QUOTED_INCLUDE_IN_FRAMEWORK_HEADER = YES;
				CLANG_WARN_RANGE_LOOP_ANALYSIS = YES;
				CLANG_WARN_STRICT_PROTOTYPES = YES;
				CLANG_WARN_SUSPICIOUS_MOVE = YES;
				CLANG_WARN_UNGUARDED_AVAILABILITY = YES_AGGRESSIVE;
				CLANG_WARN_UNREACHABLE_CODE = YES;
				CLANG_WARN__DUPLICATE_METHOD_MATCH = YES;
				COPY_PHASE_STRIP = NO;
				DEBUG_INFORMATION_FORMAT = dwarf;
				DEVELOPMENT_TEAM = B59H5MDLVV;
				ENABLE_STRICT_OBJC_MSGSEND = YES;
				ENABLE_TESTABILITY = YES;
				ENABLE_USER_SCRIPT_SANDBOXING = NO;
				GCC_C_LANGUAGE_STANDARD = gnu17;
				GCC_DYNAMIC_NO_PIC = NO;
				GCC_NO_COMMON_BLOCKS = YES;
				GCC_OPTIMIZATION_LEVEL = 0;
				GCC_PREPROCESSOR_DEFINITIONS = (
					"DEBUG=1",
					"$(inherited)",
				);
				GCC_WARN_64_TO_32_BIT_CONVERSION = YES;
				GCC_WARN_ABOUT_RETURN_TYPE = YES_ERROR;
				GCC_WARN_UNDECLARED_SELECTOR = YES;
				GCC_WARN_UNINITIALIZED_AUTOS = YES_AGGRESSIVE;
				GCC_WARN_UNUSED_FUNCTION = YES;
				GCC_WARN_UNUSED_VARIABLE = YES;
				IPHONEOS_DEPLOYMENT_TARGET = 18.5;
				LOCALIZATION_PREFERS_STRING_CATALOGS = YES;
				MTL_ENABLE_DEBUG_INFO = INCLUDE_SOURCE;
				MTL_FAST_MATH = YES;
				ONLY_ACTIVE_ARCH = YES;
				SDKROOT = iphoneos;
				SWIFT_ACTIVE_COMPILATION_CONDITIONS = "DEBUG $(inherited)";
				SWIFT_OPTIMIZATION_LEVEL = "-Onone";
			};
			name = Debug;
		};
		010F8A442E1F6E94000B6D8D /* Release */ = {
			isa = XCBuildConfiguration;
			buildSettings = {
				ALWAYS_SEARCH_USER_PATHS = NO;
				ASSETCATALOG_COMPILER_GENERATE_SWIFT_ASSET_SYMBOL_EXTENSIONS = YES;
				CLANG_ANALYZER_NONNULL = YES;
				CLANG_ANALYZER_NUMBER_OBJECT_CONVERSION = YES_AGGRESSIVE;
				CLANG_CXX_LANGUAGE_STANDARD = "gnu++20";
				CLANG_ENABLE_MODULES = YES;
				CLANG_ENABLE_OBJC_ARC = YES;
				CLANG_ENABLE_OBJC_WEAK = YES;
				CLANG_WARN_BLOCK_CAPTURE_AUTORELEASING = YES;
				CLANG_WARN_BOOL_CONVERSION = YES;
				CLANG_WARN_COMMA = YES;
				CLANG_WARN_CONSTANT_CONVERSION = YES;
				CLANG_WARN_DEPRECATED_OBJC_IMPLEMENTATIONS = YES;
				CLANG_WARN_DIRECT_OBJC_ISA_USAGE = YES_ERROR;
				CLANG_WARN_DOCUMENTATION_COMMENTS = YES;
				CLANG_WARN_EMPTY_BODY = YES;
				CLANG_WARN_ENUM_CONVERSION = YES;
				CLANG_WARN_INFINITE_RECURSION = YES;
				CLANG_WARN_INT_CONVERSION = YES;
				CLANG_WARN_NON_LITERAL_NULL_CONVERSION = YES;
				CLANG_WARN_OBJC_IMPLICIT_RETAIN_SELF = YES;
				CLANG_WARN_OBJC_LITERAL_CONVERSION = YES;
				CLANG_WARN_OBJC_ROOT_CLASS = YES_ERROR;
				CLANG_WARN_QUOTED_INCLUDE_IN_FRAMEWORK_HEADER = YES;
				CLANG_WARN_RANGE_LOOP_ANALYSIS = YES;
				CLANG_WARN_STRICT_PROTOTYPES = YES;
				CLANG_WARN_SUSPICIOUS_MOVE = YES;
				CLANG_WARN_UNGUARDED_AVAILABILITY = YES_AGGRESSIVE;
				CLANG_WARN_UNREACHABLE_CODE = YES;
				CLANG_WARN__DUPLICATE_METHOD_MATCH = YES;
				COPY_PHASE_STRIP = NO;
				DEBUG_INFORMATION_FORMAT = "dwarf-with-dsym";
				DEVELOPMENT_TEAM = B59H5MDLVV;
				ENABLE_NS_ASSERTIONS = NO;
				ENABLE_STRICT_OBJC_MSGSEND = YES;
				ENABLE_USER_SCRIPT_SANDBOXING = NO;
				GCC_C_LANGUAGE_STANDARD = gnu17;
				GCC_NO_COMMON_BLOCKS = YES;
				GCC_WARN_64_TO_32_BIT_CONVERSION = YES;
				GCC_WARN_ABOUT_RETURN_TYPE = YES_ERROR;
				GCC_WARN_UNDECLARED_SELECTOR = YES;
				GCC_WARN_UNINITIALIZED_AUTOS = YES_AGGRESSIVE;
				GCC_WARN_UNUSED_FUNCTION = YES;
				GCC_WARN_UNUSED_VARIABLE = YES;
				IPHONEOS_DEPLOYMENT_TARGET = 18.5;
				LOCALIZATION_PREFERS_STRING_CATALOGS = YES;
				MTL_ENABLE_DEBUG_INFO = NO;
				MTL_FAST_MATH = YES;
				SDKROOT = iphoneos;
				SWIFT_COMPILATION_MODE = wholemodule;
				VALIDATE_PRODUCT = YES;
			};
			name = Release;
		};
		010F8A462E1F6E94000B6D8D /* Debug */ = {
			isa = XCBuildConfiguration;
			baseConfigurationReference = A7FF23838547B0B8F9DCDD77 /* Pods-Dep.debug.xcconfig */;
			buildSettings = {
				ASSETCATALOG_COMPILER_APPICON_NAME = AppIcon;
				ASSETCATALOG_COMPILER_GLOBAL_ACCENT_COLOR_NAME = AccentColor;
				CODE_SIGN_STYLE = Automatic;
				CURRENT_PROJECT_VERSION = 1;
				DEVELOPMENT_TEAM = B59H5MDLVV;
				ENABLE_PREVIEWS = YES;
				GENERATE_INFOPLIST_FILE = YES;
				INFOPLIST_FILE = Dep/Info.plist;
				INFOPLIST_KEY_UIApplicationSceneManifest_Generation = YES;
				INFOPLIST_KEY_UIApplicationSupportsIndirectInputEvents = YES;
				INFOPLIST_KEY_UILaunchScreen_Generation = YES;
				INFOPLIST_KEY_UISupportedInterfaceOrientations_iPad = "UIInterfaceOrientationPortrait UIInterfaceOrientationPortraitUpsideDown UIInterfaceOrientationLandscapeLeft UIInterfaceOrientationLandscapeRight";
				INFOPLIST_KEY_UISupportedInterfaceOrientations_iPhone = "UIInterfaceOrientationPortrait UIInterfaceOrientationLandscapeLeft UIInterfaceOrientationLandscapeRight";
				LD_RUNPATH_SEARCH_PATHS = (
					"$(inherited)",
					"@executable_path/Frameworks",
				);
				MARKETING_VERSION = 1.0;
				PRODUCT_BUNDLE_IDENTIFIER = com.katotatsuki.Dep;
				PRODUCT_NAME = "$(TARGET_NAME)";
				SWIFT_EMIT_LOC_STRINGS = YES;
				SWIFT_VERSION = 5.0;
				TARGETED_DEVICE_FAMILY = "1,2";
			};
			name = Debug;
		};
		010F8A472E1F6E94000B6D8D /* Release */ = {
			isa = XCBuildConfiguration;
			baseConfigurationReference = 3A1B9849E3249DDC58349C87 /* Pods-Dep.release.xcconfig */;
			buildSettings = {
				ASSETCATALOG_COMPILER_APPICON_NAME = AppIcon;
				ASSETCATALOG_COMPILER_GLOBAL_ACCENT_COLOR_NAME = AccentColor;
				CODE_SIGN_STYLE = Automatic;
				CURRENT_PROJECT_VERSION = 1;
				DEVELOPMENT_TEAM = B59H5MDLVV;
				ENABLE_PREVIEWS = YES;
				GENERATE_INFOPLIST_FILE = YES;
				INFOPLIST_FILE = Dep/Info.plist;
				INFOPLIST_KEY_UIApplicationSceneManifest_Generation = YES;
				INFOPLIST_KEY_UIApplicationSupportsIndirectInputEvents = YES;
				INFOPLIST_KEY_UILaunchScreen_Generation = YES;
				INFOPLIST_KEY_UISupportedInterfaceOrientations_iPad = "UIInterfaceOrientationPortrait UIInterfaceOrientationPortraitUpsideDown UIInterfaceOrientationLandscapeLeft UIInterfaceOrientationLandscapeRight";
				INFOPLIST_KEY_UISupportedInterfaceOrientations_iPhone = "UIInterfaceOrientationPortrait UIInterfaceOrientationLandscapeLeft UIInterfaceOrientationLandscapeRight";
				LD_RUNPATH_SEARCH_PATHS = (
					"$(inherited)",
					"@executable_path/Frameworks",
				);
				MARKETING_VERSION = 1.0;
				PRODUCT_BUNDLE_IDENTIFIER = com.katotatsuki.Dep;
				PRODUCT_NAME = "$(TARGET_NAME)";
				SWIFT_EMIT_LOC_STRINGS = YES;
				SWIFT_VERSION = 5.0;
				TARGETED_DEVICE_FAMILY = "1,2";
			};
			name = Release;
		};
/* End XCBuildConfiguration section */

/* Begin XCConfigurationList section */
		010F8A352E1F6E94000B6D8D /* Build configuration list for PBXProject "Dep" */ = {
			isa = XCConfigurationList;
			buildConfigurations = (
				010F8A432E1F6E94000B6D8D /* Debug */,
				010F8A442E1F6E94000B6D8D /* Release */,
			);
			defaultConfigurationIsVisible = 0;
			defaultConfigurationName = Release;
		};
		010F8A452E1F6E94000B6D8D /* Build configuration list for PBXNativeTarget "Dep" */ = {
			isa = XCConfigurationList;
			buildConfigurations = (
				010F8A462E1F6E94000B6D8D /* Debug */,
				010F8A472E1F6E94000B6D8D /* Release */,
			);
			defaultConfigurationIsVisible = 0;
			defaultConfigurationName = Release;
		};
/* End XCConfigurationList section */

/* Begin XCRemoteSwiftPackageReference section */
		01EE373C2E20AD980036E575 /* XCRemoteSwiftPackageReference "lottie-ios" */ = {
			isa = XCRemoteSwiftPackageReference;
			repositoryURL = "https://github.com/airbnb/lottie-ios.git";
			requirement = {
				kind = upToNextMajorVersion;
				minimumVersion = 4.4.0;
			};
		};
		01EE37512E20E2100036E575 /* XCRemoteSwiftPackageReference "firebase-ios-sdk" */ = {
			isa = XCRemoteSwiftPackageReference;
			repositoryURL = "https://github.com/firebase/firebase-ios-sdk";
			requirement = {
				kind = upToNextMajorVersion;
				minimumVersion = 11.15.0;
			};
		};
		01EE377C2E20F1130036E575 /* XCRemoteSwiftPackageReference "swift-package-manager-google-mobile-ads" */ = {
			isa = XCRemoteSwiftPackageReference;
			repositoryURL = "https://github.com/googleads/swift-package-manager-google-mobile-ads.git";
			requirement = {
				kind = upToNextMajorVersion;
				minimumVersion = 12.7.0;
			};
		};
/* End XCRemoteSwiftPackageReference section */

/* Begin XCSwiftPackageProductDependency section */
		01EE373D2E20AD980036E575 /* Lottie */ = {
			isa = XCSwiftPackageProductDependency;
			package = 01EE373C2E20AD980036E575 /* XCRemoteSwiftPackageReference "lottie-ios" */;
			productName = Lottie;
		};
		01EE37522E20E2100036E575 /* FirebaseAI */ = {
			isa = XCSwiftPackageProductDependency;
			package = 01EE37512E20E2100036E575 /* XCRemoteSwiftPackageReference "firebase-ios-sdk" */;
			productName = FirebaseAI;
		};
		01EE37542E20E2100036E575 /* FirebaseAnalytics */ = {
			isa = XCSwiftPackageProductDependency;
			package = 01EE37512E20E2100036E575 /* XCRemoteSwiftPackageReference "firebase-ios-sdk" */;
			productName = FirebaseAnalytics;
		};
		01EE37562E20E2100036E575 /* FirebaseAnalyticsCore */ = {
			isa = XCSwiftPackageProductDependency;
			package = 01EE37512E20E2100036E575 /* XCRemoteSwiftPackageReference "firebase-ios-sdk" */;
			productName = FirebaseAnalyticsCore;
		};
		01EE37582E20E2100036E575 /* FirebaseAnalyticsIdentitySupport */ = {
			isa = XCSwiftPackageProductDependency;
			package = 01EE37512E20E2100036E575 /* XCRemoteSwiftPackageReference "firebase-ios-sdk" */;
			productName = FirebaseAnalyticsIdentitySupport;
		};
		01EE375A2E20E2100036E575 /* FirebaseAnalyticsOnDeviceConversion */ = {
			isa = XCSwiftPackageProductDependency;
			package = 01EE37512E20E2100036E575 /* XCRemoteSwiftPackageReference "firebase-ios-sdk" */;
			productName = FirebaseAnalyticsOnDeviceConversion;
		};
		01EE377D2E20F1130036E575 /* GoogleMobileAds */ = {
			isa = XCSwiftPackageProductDependency;
			package = 01EE377C2E20F1130036E575 /* XCRemoteSwiftPackageReference "swift-package-manager-google-mobile-ads" */;
			productName = GoogleMobileAds;
		};
/* End XCSwiftPackageProductDependency section */
	};
	rootObject = 010F8A322E1F6E94000B6D8D /* Project object */;
}
